
Microsoft Visual Studio Solution File, Format Version 12.00
# Visual Studio Version 17
VisualStudioVersion = 17.11.35327.3
MinimumVisualStudioVersion = 10.0.40219.1
Project("{FAE04EC0-301F-11D3-BF4B-00C04F79EFBC}") = "test", "test\test.csproj", "{86E12CDE-5FBE-4A96-AA2B-54AB9FBE5B68}"
EndProject
Global
	GlobalSection(SolutionConfigurationPlatforms) = preSolution
		Debug|Any CPU = Debug|Any CPU
		Release|Any CPU = Release|Any CPU
	EndGlobalSection
	GlobalSection(ProjectConfigurationPlatforms) = postSolution
		{86E12CDE-5FBE-4A96-AA2B-54AB9FBE5B68}.Debug|Any CPU.ActiveCfg = Debug|Any CPU
		{86E12CDE-5FBE-4A96-AA2B-54AB9FBE5B68}.Debug|Any CPU.Build.0 = Debug|Any CPU
		{86E12CDE-5FBE-4A96-AA2B-54AB9FBE5B68}.Release|Any CPU.ActiveCfg = Release|Any CPU
		{86E12CDE-5FBE-4A96-AA2B-54AB9FBE5B68}.Release|Any CPU.Build.0 = Release|Any CPU
	EndGlobalSection
	GlobalSection(SolutionProperties) = preSolution
		HideSolutionNode = FALSE
	EndGlobalSection
	GlobalSection(ExtensibilityGlobals) = postSolution
		SolutionGuid = {AFD4E082-257E-4139-9714-53839D6A5CA1}
	EndGlobalSection
EndGlobal
